
Microsoft Visual Studio Solution File, Format Version 10.00
# Visual C# Express 2008
Project("{FAE04EC0-301F-11D3-BF4B-00C04F79EFBC}") = "RandomGen", "RandomGen.csproj", "{A19296F0-263B-49FE-9611-CD9790DA9BDB}"
EndProject
Global
	GlobalSection(SolutionConfigurationPlatforms) = preSolution
		Debug|Any CPU = Debug|Any CPU
		Release|Any CPU = Release|Any CPU
	EndGlobalSection
	GlobalSection(ProjectConfigurationPlatforms) = postSolution
		{A19296F0-263B-49FE-9611-CD9790DA9BDB}.Debug|Any CPU.ActiveCfg = Debug|Any CPU
		{A19296F0-263B-49FE-9611-CD9790DA9BDB}.Debug|Any CPU.Build.0 = Debug|Any CPU
		{A19296F0-263B-49FE-9611-CD9790DA9BDB}.Release|Any CPU.ActiveCfg = Release|Any CPU
		{A19296F0-263B-49FE-9611-CD9790DA9BDB}.Release|Any CPU.Build.0 = Release|Any CPU
	EndGlobalSection
	GlobalSection(SolutionProperties) = preSolution
		HideSolutionNode = FALSE
	EndGlobalSection
EndGlobal
